// !$*UTF8*$!
{
	archiveVersion = 1;
	classes = {
	};
	objectVersion = 46;
	objects = {

/* Begin PBXBuildFile section */
		BB17783618B6A3A7006A2CF1 /* NuevaRutaViewController.m in Sources */ = {isa = PBXBuildFile; fileRef = BB17783518B6A3A7006A2CF1 /* NuevaRutaViewController.m */; };
		BB17783A18B6A480006A2CF1 /* RutaImagen.m in Sources */ = {isa = PBXBuildFile; fileRef = BB17783918B6A480006A2CF1 /* RutaImagen.m */; };
		BB17783D18B6A481006A2CF1 /* RutaPunto.m in Sources */ = {isa = PBXBuildFile; fileRef = BB17783C18B6A481006A2CF1 /* RutaPunto.m */; };
		BB17784018B6A481006A2CF1 /* GrupoUsuarios.m in Sources */ = {isa = PBXBuildFile; fileRef = BB17783F18B6A481006A2CF1 /* GrupoUsuarios.m */; };
		BB17784318B6A481006A2CF1 /* Moto.m in Sources */ = {isa = PBXBuildFile; fileRef = BB17784218B6A481006A2CF1 /* Moto.m */; };
		BB17784618B6A481006A2CF1 /* MotoRegistro.m in Sources */ = {isa = PBXBuildFile; fileRef = BB17784518B6A481006A2CF1 /* MotoRegistro.m */; };
		BB17784C18B6A481006A2CF1 /* Grupo.m in Sources */ = {isa = PBXBuildFile; fileRef = BB17784B18B6A481006A2CF1 /* Grupo.m */; };
		BB17784F18B6A481006A2CF1 /* RutaAlerta.m in Sources */ = {isa = PBXBuildFile; fileRef = BB17784E18B6A481006A2CF1 /* RutaAlerta.m */; };
		BB17785218B6A481006A2CF1 /* RutaComentario.m in Sources */ = {isa = PBXBuildFile; fileRef = BB17785118B6A481006A2CF1 /* RutaComentario.m */; };
		BB17785E18B6BBBF006A2CF1 /* ListadoRutasCell.m in Sources */ = {isa = PBXBuildFile; fileRef = BB17785D18B6BBBF006A2CF1 /* ListadoRutasCell.m */; };
		BB1D8A6018B2CF7100D85266 /* DetalleRutaViewController.m in Sources */ = {isa = PBXBuildFile; fileRef = BB1D8A5F18B2CF7100D85266 /* DetalleRutaViewController.m */; };
		BB1D8A6418B4078D00D85266 /* ListadoRutasViewController.m in Sources */ = {isa = PBXBuildFile; fileRef = BB1D8A6318B4078D00D85266 /* ListadoRutasViewController.m */; };
		BB1DEAC81884A2400092BE06 /* Foundation.framework in Frameworks */ = {isa = PBXBuildFile; fileRef = BB1DEAC71884A2400092BE06 /* Foundation.framework */; };
		BB1DEACA1884A2410092BE06 /* CoreGraphics.framework in Frameworks */ = {isa = PBXBuildFile; fileRef = BB1DEAC91884A2410092BE06 /* CoreGraphics.framework */; };
		BB1DEACC1884A2410092BE06 /* UIKit.framework in Frameworks */ = {isa = PBXBuildFile; fileRef = BB1DEACB1884A2410092BE06 /* UIKit.framework */; };
		BB1DEACE1884A2410092BE06 /* CoreData.framework in Frameworks */ = {isa = PBXBuildFile; fileRef = BB1DEACD1884A2410092BE06 /* CoreData.framework */; };
		BB1DEAD41884A2410092BE06 /* InfoPlist.strings in Resources */ = {isa = PBXBuildFile; fileRef = BB1DEAD21884A2410092BE06 /* InfoPlist.strings */; };
		BB1DEAD61884A2410092BE06 /* main.m in Sources */ = {isa = PBXBuildFile; fileRef = BB1DEAD51884A2410092BE06 /* main.m */; };
		BB1DEADA1884A2410092BE06 /* AppDelegate.m in Sources */ = {isa = PBXBuildFile; fileRef = BB1DEAD91884A2410092BE06 /* AppDelegate.m */; };
		BB1DEADD1884A2410092BE06 /* RoutesGP.xcdatamodeld in Sources */ = {isa = PBXBuildFile; fileRef = BB1DEADB1884A2410092BE06 /* RoutesGP.xcdatamodeld */; };
		BB1DEADF1884A2410092BE06 /* Images.xcassets in Resources */ = {isa = PBXBuildFile; fileRef = BB1DEADE1884A2410092BE06 /* Images.xcassets */; };
		BB1DEAE61884A2410092BE06 /* XCTest.framework in Frameworks */ = {isa = PBXBuildFile; fileRef = BB1DEAE51884A2410092BE06 /* XCTest.framework */; };
		BB1DEAE71884A2410092BE06 /* Foundation.framework in Frameworks */ = {isa = PBXBuildFile; fileRef = BB1DEAC71884A2400092BE06 /* Foundation.framework */; };
		BB1DEAE81884A2410092BE06 /* UIKit.framework in Frameworks */ = {isa = PBXBuildFile; fileRef = BB1DEACB1884A2410092BE06 /* UIKit.framework */; };
		BB1DEAE91884A2410092BE06 /* CoreData.framework in Frameworks */ = {isa = PBXBuildFile; fileRef = BB1DEACD1884A2410092BE06 /* CoreData.framework */; };
		BB1DEAF11884A2410092BE06 /* InfoPlist.strings in Resources */ = {isa = PBXBuildFile; fileRef = BB1DEAEF1884A2410092BE06 /* InfoPlist.strings */; };
		BB1DEAF31884A2410092BE06 /* RoutesGPTests.m in Sources */ = {isa = PBXBuildFile; fileRef = BB1DEAF21884A2410092BE06 /* RoutesGPTests.m */; };
		BB1DEAFD1884A61F0092BE06 /* iPhone.storyboard in Resources */ = {isa = PBXBuildFile; fileRef = BB1DEAFC1884A61F0092BE06 /* iPhone.storyboard */; };
		BB71F57718AD95F4009DB642 /* MotosViewController.m in Sources */ = {isa = PBXBuildFile; fileRef = BB71F57618AD95F4009DB642 /* MotosViewController.m */; };
		BB71F57B18AD960F009DB642 /* NuevaMotoViewController.m in Sources */ = {isa = PBXBuildFile; fileRef = BB71F57A18AD960F009DB642 /* NuevaMotoViewController.m */; };
		BB7CFA31188F2D3C004AE006 /* EjemploGpsViewController.m in Sources */ = {isa = PBXBuildFile; fileRef = BB7CFA30188F2D3C004AE006 /* EjemploGpsViewController.m */; };
		BB7CFA34188F2D83004AE006 /* CoreLocation.framework in Frameworks */ = {isa = PBXBuildFile; fileRef = BB7CFA33188F2D83004AE006 /* CoreLocation.framework */; };
		BB7CFA36188F2D8B004AE006 /* MapKit.framework in Frameworks */ = {isa = PBXBuildFile; fileRef = BB7CFA35188F2D8B004AE006 /* MapKit.framework */; };
		CA91DB6C18DC73250084A637 /* iCarousel.m in Sources */ = {isa = PBXBuildFile; fileRef = CA91DB6B18DC73250084A637 /* iCarousel.m */; };
		CA91DB7218DC73550084A637 /* menuGrupos.png in Resources */ = {isa = PBXBuildFile; fileRef = CA91DB6E18DC73550084A637 /* menuGrupos.png */; };
		CA91DB7318DC73550084A637 /* menuMotos.png in Resources */ = {isa = PBXBuildFile; fileRef = CA91DB6F18DC73550084A637 /* menuMotos.png */; };
		CA91DB7418DC73550084A637 /* menuRoutes.png in Resources */ = {isa = PBXBuildFile; fileRef = CA91DB7018DC73550084A637 /* menuRoutes.png */; };
		CA91DB7518DC73550084A637 /* INICIO_LOGO.jpg in Resources */ = {isa = PBXBuildFile; fileRef = CA91DB7118DC73550084A637 /* INICIO_LOGO.jpg */; };
		CA91DB7918DC73ED0084A637 /* CarouselViewController.m in Sources */ = {isa = PBXBuildFile; fileRef = CA91DB7818DC73ED0084A637 /* CarouselViewController.m */; };
		CA91DB7B18DDA5BF0084A637 /* Fondo_inicio.jpg in Resources */ = {isa = PBXBuildFile; fileRef = CA91DB7A18DDA5BF0084A637 /* Fondo_inicio.jpg */; };
		CA91DB7E18DDAEF60084A637 /* MotoCorre2ViewController.m in Sources */ = {isa = PBXBuildFile; fileRef = CA91DB7D18DDAEF60084A637 /* MotoCorre2ViewController.m */; };
		CAEC452218CF407A00DB969C /* SOLO_MOTO.png in Resources */ = {isa = PBXBuildFile; fileRef = CAEC452118CF407A00DB969C /* SOLO_MOTO.png */; };
		CAEC452418CF470700DB969C /* FondoMenu.jpg in Resources */ = {isa = PBXBuildFile; fileRef = CAEC452318CF470700DB969C /* FondoMenu.jpg */; };
		CAEC452518CF470700DB969C /* FondoMenu.jpg in Resources */ = {isa = PBXBuildFile; fileRef = CAEC452318CF470700DB969C /* FondoMenu.jpg */; };
		CAEC452718CF7A2000DB969C /* moto.png in Resources */ = {isa = PBXBuildFile; fileRef = CAEC452618CF7A2000DB969C /* moto.png */; };
		CAEC452818CF7A2000DB969C /* moto.png in Resources */ = {isa = PBXBuildFile; fileRef = CAEC452618CF7A2000DB969C /* moto.png */; };
		CAEC452A18CF7A5F00DB969C /* start-button.png in Resources */ = {isa = PBXBuildFile; fileRef = CAEC452918CF7A5F00DB969C /* start-button.png */; };
		CAEC452B18CF7A5F00DB969C /* start-button.png in Resources */ = {isa = PBXBuildFile; fileRef = CAEC452918CF7A5F00DB969C /* start-button.png */; };
/* End PBXBuildFile section */

/* Begin PBXContainerItemProxy section */
		BB1DEAEA1884A2410092BE06 /* PBXContainerItemProxy */ = {
			isa = PBXContainerItemProxy;
			containerPortal = BB1DEABC1884A2400092BE06 /* Project object */;
			proxyType = 1;
			remoteGlobalIDString = BB1DEAC31884A2400092BE06;
			remoteInfo = RoutesGP;
		};
/* End PBXContainerItemProxy section */

/* Begin PBXFileReference section */
		BB17783418B6A3A7006A2CF1 /* NuevaRutaViewController.h */ = {isa = PBXFileReference; fileEncoding = 4; lastKnownFileType = sourcecode.c.h; path = NuevaRutaViewController.h; sourceTree = "<group>"; };
		BB17783518B6A3A7006A2CF1 /* NuevaRutaViewController.m */ = {isa = PBXFileReference; fileEncoding = 4; lastKnownFileType = sourcecode.c.objc; path = NuevaRutaViewController.m; sourceTree = "<group>"; };
		BB17783818B6A480006A2CF1 /* RutaImagen.h */ = {isa = PBXFileReference; fileEncoding = 4; lastKnownFileType = sourcecode.c.h; path = RutaImagen.h; sourceTree = "<group>"; };
		BB17783918B6A480006A2CF1 /* RutaImagen.m */ = {isa = PBXFileReference; fileEncoding = 4; lastKnownFileType = sourcecode.c.objc; path = RutaImagen.m; sourceTree = "<group>"; };
		BB17783B18B6A481006A2CF1 /* RutaPunto.h */ = {isa = PBXFileReference; fileEncoding = 4; lastKnownFileType = sourcecode.c.h; path = RutaPunto.h; sourceTree = "<group>"; };
		BB17783C18B6A481006A2CF1 /* RutaPunto.m */ = {isa = PBXFileReference; fileEncoding = 4; lastKnownFileType = sourcecode.c.objc; path = RutaPunto.m; sourceTree = "<group>"; };
		BB17783E18B6A481006A2CF1 /* GrupoUsuarios.h */ = {isa = PBXFileReference; fileEncoding = 4; lastKnownFileType = sourcecode.c.h; path = GrupoUsuarios.h; sourceTree = "<group>"; };
		BB17783F18B6A481006A2CF1 /* GrupoUsuarios.m */ = {isa = PBXFileReference; fileEncoding = 4; lastKnownFileType = sourcecode.c.objc; path = GrupoUsuarios.m; sourceTree = "<group>"; };
		BB17784118B6A481006A2CF1 /* Moto.h */ = {isa = PBXFileReference; fileEncoding = 4; lastKnownFileType = sourcecode.c.h; path = Moto.h; sourceTree = "<group>"; };
		BB17784218B6A481006A2CF1 /* Moto.m */ = {isa = PBXFileReference; fileEncoding = 4; lastKnownFileType = sourcecode.c.objc; path = Moto.m; sourceTree = "<group>"; };
		BB17784418B6A481006A2CF1 /* MotoRegistro.h */ = {isa = PBXFileReference; fileEncoding = 4; lastKnownFileType = sourcecode.c.h; path = MotoRegistro.h; sourceTree = "<group>"; };
		BB17784518B6A481006A2CF1 /* MotoRegistro.m */ = {isa = PBXFileReference; fileEncoding = 4; lastKnownFileType = sourcecode.c.objc; path = MotoRegistro.m; sourceTree = "<group>"; };
		BB17784A18B6A481006A2CF1 /* Grupo.h */ = {isa = PBXFileReference; fileEncoding = 4; lastKnownFileType = sourcecode.c.h; path = Grupo.h; sourceTree = "<group>"; };
		BB17784B18B6A481006A2CF1 /* Grupo.m */ = {isa = PBXFileReference; fileEncoding = 4; lastKnownFileType = sourcecode.c.objc; path = Grupo.m; sourceTree = "<group>"; };
		BB17784D18B6A481006A2CF1 /* RutaAlerta.h */ = {isa = PBXFileReference; fileEncoding = 4; lastKnownFileType = sourcecode.c.h; path = RutaAlerta.h; sourceTree = "<group>"; };
		BB17784E18B6A481006A2CF1 /* RutaAlerta.m */ = {isa = PBXFileReference; fileEncoding = 4; lastKnownFileType = sourcecode.c.objc; path = RutaAlerta.m; sourceTree = "<group>"; };
		BB17785018B6A481006A2CF1 /* RutaComentario.h */ = {isa = PBXFileReference; fileEncoding = 4; lastKnownFileType = sourcecode.c.h; path = RutaComentario.h; sourceTree = "<group>"; };
		BB17785118B6A481006A2CF1 /* RutaComentario.m */ = {isa = PBXFileReference; fileEncoding = 4; lastKnownFileType = sourcecode.c.objc; path = RutaComentario.m; sourceTree = "<group>"; };
		BB17785C18B6BBBF006A2CF1 /* ListadoRutasCell.h */ = {isa = PBXFileReference; fileEncoding = 4; lastKnownFileType = sourcecode.c.h; path = ListadoRutasCell.h; sourceTree = "<group>"; };
		BB17785D18B6BBBF006A2CF1 /* ListadoRutasCell.m */ = {isa = PBXFileReference; fileEncoding = 4; lastKnownFileType = sourcecode.c.objc; path = ListadoRutasCell.m; sourceTree = "<group>"; };
		BB1D8A5E18B2CF7100D85266 /* DetalleRutaViewController.h */ = {isa = PBXFileReference; fileEncoding = 4; lastKnownFileType = sourcecode.c.h; path = DetalleRutaViewController.h; sourceTree = "<group>"; };
		BB1D8A5F18B2CF7100D85266 /* DetalleRutaViewController.m */ = {isa = PBXFileReference; fileEncoding = 4; lastKnownFileType = sourcecode.c.objc; path = DetalleRutaViewController.m; sourceTree = "<group>"; };
		BB1D8A6218B4078D00D85266 /* ListadoRutasViewController.h */ = {isa = PBXFileReference; fileEncoding = 4; lastKnownFileType = sourcecode.c.h; path = ListadoRutasViewController.h; sourceTree = "<group>"; };
		BB1D8A6318B4078D00D85266 /* ListadoRutasViewController.m */ = {isa = PBXFileReference; fileEncoding = 4; lastKnownFileType = sourcecode.c.objc; path = ListadoRutasViewController.m; sourceTree = "<group>"; };
		BB1DEAC41884A2400092BE06 /* RoutesGP.app */ = {isa = PBXFileReference; explicitFileType = wrapper.application; includeInIndex = 0; path = RoutesGP.app; sourceTree = BUILT_PRODUCTS_DIR; };
		BB1DEAC71884A2400092BE06 /* Foundation.framework */ = {isa = PBXFileReference; lastKnownFileType = wrapper.framework; name = Foundation.framework; path = System/Library/Frameworks/Foundation.framework; sourceTree = SDKROOT; };
		BB1DEAC91884A2410092BE06 /* CoreGraphics.framework */ = {isa = PBXFileReference; lastKnownFileType = wrapper.framework; name = CoreGraphics.framework; path = System/Library/Frameworks/CoreGraphics.framework; sourceTree = SDKROOT; };
		BB1DEACB1884A2410092BE06 /* UIKit.framework */ = {isa = PBXFileReference; lastKnownFileType = wrapper.framework; name = UIKit.framework; path = System/Library/Frameworks/UIKit.framework; sourceTree = SDKROOT; };
		BB1DEACD1884A2410092BE06 /* CoreData.framework */ = {isa = PBXFileReference; lastKnownFileType = wrapper.framework; name = CoreData.framework; path = System/Library/Frameworks/CoreData.framework; sourceTree = SDKROOT; };
		BB1DEAD11884A2410092BE06 /* RoutesGP-Info.plist */ = {isa = PBXFileReference; lastKnownFileType = text.plist.xml; path = "RoutesGP-Info.plist"; sourceTree = "<group>"; };
		BB1DEAD31884A2410092BE06 /* en */ = {isa = PBXFileReference; lastKnownFileType = text.plist.strings; name = en; path = en.lproj/InfoPlist.strings; sourceTree = "<group>"; };
		BB1DEAD51884A2410092BE06 /* main.m */ = {isa = PBXFileReference; lastKnownFileType = sourcecode.c.objc; path = main.m; sourceTree = "<group>"; };
		BB1DEAD71884A2410092BE06 /* RoutesGP-Prefix.pch */ = {isa = PBXFileReference; lastKnownFileType = sourcecode.c.h; path = "RoutesGP-Prefix.pch"; sourceTree = "<group>"; };
		BB1DEAD81884A2410092BE06 /* AppDelegate.h */ = {isa = PBXFileReference; lastKnownFileType = sourcecode.c.h; path = AppDelegate.h; sourceTree = "<group>"; };
		BB1DEAD91884A2410092BE06 /* AppDelegate.m */ = {isa = PBXFileReference; lastKnownFileType = sourcecode.c.objc; path = AppDelegate.m; sourceTree = "<group>"; };
		BB1DEADC1884A2410092BE06 /* RoutesGP.xcdatamodel */ = {isa = PBXFileReference; lastKnownFileType = wrapper.xcdatamodel; path = RoutesGP.xcdatamodel; sourceTree = "<group>"; };
		BB1DEADE1884A2410092BE06 /* Images.xcassets */ = {isa = PBXFileReference; lastKnownFileType = folder.assetcatalog; path = Images.xcassets; sourceTree = "<group>"; };
		BB1DEAE41884A2410092BE06 /* RoutesGPTests.xctest */ = {isa = PBXFileReference; explicitFileType = wrapper.cfbundle; includeInIndex = 0; path = RoutesGPTests.xctest; sourceTree = BUILT_PRODUCTS_DIR; };
		BB1DEAE51884A2410092BE06 /* XCTest.framework */ = {isa = PBXFileReference; lastKnownFileType = wrapper.framework; name = XCTest.framework; path = Library/Frameworks/XCTest.framework; sourceTree = DEVELOPER_DIR; };
		BB1DEAEE1884A2410092BE06 /* RoutesGPTests-Info.plist */ = {isa = PBXFileReference; lastKnownFileType = text.plist.xml; path = "RoutesGPTests-Info.plist"; sourceTree = "<group>"; };
		BB1DEAF01884A2410092BE06 /* en */ = {isa = PBXFileReference; lastKnownFileType = text.plist.strings; name = en; path = en.lproj/InfoPlist.strings; sourceTree = "<group>"; };
		BB1DEAF21884A2410092BE06 /* RoutesGPTests.m */ = {isa = PBXFileReference; lastKnownFileType = sourcecode.c.objc; path = RoutesGPTests.m; sourceTree = "<group>"; };
		BB1DEAFC1884A61F0092BE06 /* iPhone.storyboard */ = {isa = PBXFileReference; fileEncoding = 4; lastKnownFileType = file.storyboard; path = iPhone.storyboard; sourceTree = "<group>"; };
		BB71F57518AD95F4009DB642 /* MotosViewController.h */ = {isa = PBXFileReference; fileEncoding = 4; lastKnownFileType = sourcecode.c.h; path = MotosViewController.h; sourceTree = "<group>"; };
		BB71F57618AD95F4009DB642 /* MotosViewController.m */ = {isa = PBXFileReference; fileEncoding = 4; lastKnownFileType = sourcecode.c.objc; path = MotosViewController.m; sourceTree = "<group>"; };
		BB71F57918AD960F009DB642 /* NuevaMotoViewController.h */ = {isa = PBXFileReference; fileEncoding = 4; lastKnownFileType = sourcecode.c.h; path = NuevaMotoViewController.h; sourceTree = "<group>"; };
		BB71F57A18AD960F009DB642 /* NuevaMotoViewController.m */ = {isa = PBXFileReference; fileEncoding = 4; lastKnownFileType = sourcecode.c.objc; path = NuevaMotoViewController.m; sourceTree = "<group>"; };
		BB7CFA2F188F2D3C004AE006 /* EjemploGpsViewController.h */ = {isa = PBXFileReference; fileEncoding = 4; lastKnownFileType = sourcecode.c.h; path = EjemploGpsViewController.h; sourceTree = "<group>"; };
		BB7CFA30188F2D3C004AE006 /* EjemploGpsViewController.m */ = {isa = PBXFileReference; fileEncoding = 4; lastKnownFileType = sourcecode.c.objc; path = EjemploGpsViewController.m; sourceTree = "<group>"; };
		BB7CFA33188F2D83004AE006 /* CoreLocation.framework */ = {isa = PBXFileReference; lastKnownFileType = wrapper.framework; name = CoreLocation.framework; path = System/Library/Frameworks/CoreLocation.framework; sourceTree = SDKROOT; };
		BB7CFA35188F2D8B004AE006 /* MapKit.framework */ = {isa = PBXFileReference; lastKnownFileType = wrapper.framework; name = MapKit.framework; path = System/Library/Frameworks/MapKit.framework; sourceTree = SDKROOT; };
		CA91DB6A18DC73250084A637 /* iCarousel.h */ = {isa = PBXFileReference; fileEncoding = 4; lastKnownFileType = sourcecode.c.h; path = iCarousel.h; sourceTree = "<group>"; };
		CA91DB6B18DC73250084A637 /* iCarousel.m */ = {isa = PBXFileReference; fileEncoding = 4; lastKnownFileType = sourcecode.c.objc; path = iCarousel.m; sourceTree = "<group>"; };
		CA91DB6E18DC73550084A637 /* menuGrupos.png */ = {isa = PBXFileReference; lastKnownFileType = image.png; path = menuGrupos.png; sourceTree = "<group>"; };
		CA91DB6F18DC73550084A637 /* menuMotos.png */ = {isa = PBXFileReference; lastKnownFileType = image.png; path = menuMotos.png; sourceTree = "<group>"; };
		CA91DB7018DC73550084A637 /* menuRoutes.png */ = {isa = PBXFileReference; lastKnownFileType = image.png; path = menuRoutes.png; sourceTree = "<group>"; };
		CA91DB7118DC73550084A637 /* INICIO_LOGO.jpg */ = {isa = PBXFileReference; lastKnownFileType = image.jpeg; path = INICIO_LOGO.jpg; sourceTree = "<group>"; };
		CA91DB7718DC73ED0084A637 /* CarouselViewController.h */ = {isa = PBXFileReference; fileEncoding = 4; lastKnownFileType = sourcecode.c.h; path = CarouselViewController.h; sourceTree = "<group>"; };
		CA91DB7818DC73ED0084A637 /* CarouselViewController.m */ = {isa = PBXFileReference; fileEncoding = 4; lastKnownFileType = sourcecode.c.objc; path = CarouselViewController.m; sourceTree = "<group>"; };
		CA91DB7A18DDA5BF0084A637 /* Fondo_inicio.jpg */ = {isa = PBXFileReference; lastKnownFileType = image.jpeg; path = Fondo_inicio.jpg; sourceTree = "<group>"; };
		CA91DB7C18DDAEF60084A637 /* MotoCorre2ViewController.h */ = {isa = PBXFileReference; fileEncoding = 4; lastKnownFileType = sourcecode.c.h; path = MotoCorre2ViewController.h; sourceTree = "<group>"; };
		CA91DB7D18DDAEF60084A637 /* MotoCorre2ViewController.m */ = {isa = PBXFileReference; fileEncoding = 4; lastKnownFileType = sourcecode.c.objc; path = MotoCorre2ViewController.m; sourceTree = "<group>"; };
		CAEC452118CF407A00DB969C /* SOLO_MOTO.png */ = {isa = PBXFileReference; lastKnownFileType = image.png; path = SOLO_MOTO.png; sourceTree = "<group>"; };
		CAEC452318CF470700DB969C /* FondoMenu.jpg */ = {isa = PBXFileReference; lastKnownFileType = image.jpeg; path = FondoMenu.jpg; sourceTree = "<group>"; };
		CAEC452618CF7A2000DB969C /* moto.png */ = {isa = PBXFileReference; lastKnownFileType = image.png; path = moto.png; sourceTree = "<group>"; };
		CAEC452918CF7A5F00DB969C /* start-button.png */ = {isa = PBXFileReference; lastKnownFileType = image.png; path = "start-button.png"; sourceTree = "<group>"; };
/* End PBXFileReference section */

/* Begin PBXFrameworksBuildPhase section */
		BB1DEAC11884A2400092BE06 /* Frameworks */ = {
			isa = PBXFrameworksBuildPhase;
			buildActionMask = 2147483647;
			files = (
				BB7CFA36188F2D8B004AE006 /* MapKit.framework in Frameworks */,
				BB7CFA34188F2D83004AE006 /* CoreLocation.framework in Frameworks */,
				BB1DEACA1884A2410092BE06 /* CoreGraphics.framework in Frameworks */,
				BB1DEACE1884A2410092BE06 /* CoreData.framework in Frameworks */,
				BB1DEACC1884A2410092BE06 /* UIKit.framework in Frameworks */,
				BB1DEAC81884A2400092BE06 /* Foundation.framework in Frameworks */,
			);
			runOnlyForDeploymentPostprocessing = 0;
		};
		BB1DEAE11884A2410092BE06 /* Frameworks */ = {
			isa = PBXFrameworksBuildPhase;
			buildActionMask = 2147483647;
			files = (
				BB1DEAE61884A2410092BE06 /* XCTest.framework in Frameworks */,
				BB1DEAE91884A2410092BE06 /* CoreData.framework in Frameworks */,
				BB1DEAE81884A2410092BE06 /* UIKit.framework in Frameworks */,
				BB1DEAE71884A2410092BE06 /* Foundation.framework in Frameworks */,
			);
			runOnlyForDeploymentPostprocessing = 0;
		};
/* End PBXFrameworksBuildPhase section */

/* Begin PBXGroup section */
		BB17783718B6A3AC006A2CF1 /* NuevaRutaViewController */ = {
			isa = PBXGroup;
			children = (
				BB17783418B6A3A7006A2CF1 /* NuevaRutaViewController.h */,
				BB17783518B6A3A7006A2CF1 /* NuevaRutaViewController.m */,
			);
			name = NuevaRutaViewController;
			sourceTree = "<group>";
		};
		BB17785318B6A48C006A2CF1 /* RutaComentario */ = {
			isa = PBXGroup;
			children = (
				BB17785018B6A481006A2CF1 /* RutaComentario.h */,
				BB17785118B6A481006A2CF1 /* RutaComentario.m */,
			);
			name = RutaComentario;
			sourceTree = "<group>";
		};
		BB17785418B6A496006A2CF1 /* RutaAlerta */ = {
			isa = PBXGroup;
			children = (
				BB17784D18B6A481006A2CF1 /* RutaAlerta.h */,
				BB17784E18B6A481006A2CF1 /* RutaAlerta.m */,
			);
			name = RutaAlerta;
			sourceTree = "<group>";
		};
		BB17785518B6A49D006A2CF1 /* Grupo */ = {
			isa = PBXGroup;
			children = (
				BB17784A18B6A481006A2CF1 /* Grupo.h */,
				BB17784B18B6A481006A2CF1 /* Grupo.m */,
			);
			name = Grupo;
			sourceTree = "<group>";
		};
		BB17785718B6A4AB006A2CF1 /* MotoRegistro */ = {
			isa = PBXGroup;
			children = (
				BB17784418B6A481006A2CF1 /* MotoRegistro.h */,
				BB17784518B6A481006A2CF1 /* MotoRegistro.m */,
			);
			name = MotoRegistro;
			sourceTree = "<group>";
		};
		BB17785818B6A4B2006A2CF1 /* Moto */ = {
			isa = PBXGroup;
			children = (
				BB17784118B6A481006A2CF1 /* Moto.h */,
				BB17784218B6A481006A2CF1 /* Moto.m */,
			);
			name = Moto;
			sourceTree = "<group>";
		};
		BB17785918B6A4B7006A2CF1 /* GrupoUsuarios */ = {
			isa = PBXGroup;
			children = (
				BB17783E18B6A481006A2CF1 /* GrupoUsuarios.h */,
				BB17783F18B6A481006A2CF1 /* GrupoUsuarios.m */,
			);
			name = GrupoUsuarios;
			sourceTree = "<group>";
		};
		BB17785A18B6A4C0006A2CF1 /* RutaPunto */ = {
			isa = PBXGroup;
			children = (
				BB17783B18B6A481006A2CF1 /* RutaPunto.h */,
				BB17783C18B6A481006A2CF1 /* RutaPunto.m */,
			);
			name = RutaPunto;
			sourceTree = "<group>";
		};
		BB17785B18B6A4C8006A2CF1 /* RutaImagen */ = {
			isa = PBXGroup;
			children = (
				BB17783818B6A480006A2CF1 /* RutaImagen.h */,
				BB17783918B6A480006A2CF1 /* RutaImagen.m */,
			);
			name = RutaImagen;
			sourceTree = "<group>";
		};
		BB17785F18B6BBC5006A2CF1 /* ListadoRutasCell */ = {
			isa = PBXGroup;
			children = (
				BB17785C18B6BBBF006A2CF1 /* ListadoRutasCell.h */,
				BB17785D18B6BBBF006A2CF1 /* ListadoRutasCell.m */,
			);
			name = ListadoRutasCell;
			sourceTree = "<group>";
		};
		BB17786018B6BBCF006A2CF1 /* Componentes */ = {
			isa = PBXGroup;
			children = (
				BB17785F18B6BBC5006A2CF1 /* ListadoRutasCell */,
			);
			name = Componentes;
			sourceTree = "<group>";
		};
		BB1D8A6118B2CF7500D85266 /* DetalleRutaViewController */ = {
			isa = PBXGroup;
			children = (
				BB1D8A5E18B2CF7100D85266 /* DetalleRutaViewController.h */,
				BB1D8A5F18B2CF7100D85266 /* DetalleRutaViewController.m */,
			);
			name = DetalleRutaViewController;
			sourceTree = "<group>";
		};
		BB1D8A6518B4079200D85266 /* ListadoRutasViewController */ = {
			isa = PBXGroup;
			children = (
				BB1D8A6218B4078D00D85266 /* ListadoRutasViewController.h */,
				BB1D8A6318B4078D00D85266 /* ListadoRutasViewController.m */,
			);
			name = ListadoRutasViewController;
			sourceTree = "<group>";
		};
		BB1DEABB1884A2400092BE06 = {
			isa = PBXGroup;
			children = (
				BB1DEACF1884A2410092BE06 /* RoutesGP */,
				BB1DEAEC1884A2410092BE06 /* RoutesGPTests */,
				BB1DEAC61884A2400092BE06 /* Frameworks */,
				BB1DEAC51884A2400092BE06 /* Products */,
			);
			sourceTree = "<group>";
		};
		BB1DEAC51884A2400092BE06 /* Products */ = {
			isa = PBXGroup;
			children = (
				BB1DEAC41884A2400092BE06 /* RoutesGP.app */,
				BB1DEAE41884A2410092BE06 /* RoutesGPTests.xctest */,
			);
			name = Products;
			sourceTree = "<group>";
		};
		BB1DEAC61884A2400092BE06 /* Frameworks */ = {
			isa = PBXGroup;
			children = (
				BB7CFA35188F2D8B004AE006 /* MapKit.framework */,
				BB7CFA33188F2D83004AE006 /* CoreLocation.framework */,
				BB1DEAC71884A2400092BE06 /* Foundation.framework */,
				BB1DEAC91884A2410092BE06 /* CoreGraphics.framework */,
				BB1DEACB1884A2410092BE06 /* UIKit.framework */,
				BB1DEACD1884A2410092BE06 /* CoreData.framework */,
				BB1DEAE51884A2410092BE06 /* XCTest.framework */,
			);
			name = Frameworks;
			sourceTree = "<group>";
		};
		BB1DEACF1884A2410092BE06 /* RoutesGP */ = {
			isa = PBXGroup;
			children = (
				CAA96FB418CA6D680001E970 /* Ruta */,
				CAA96FB818CA6D820001E970 /* InicioMotoCorre */,
				CA91DB6D18DC732A0084A637 /* iCarousel */,
				BB1DEAD81884A2410092BE06 /* AppDelegate.h */,
				BB1DEAD91884A2410092BE06 /* AppDelegate.m */,
				BB1DEADE1884A2410092BE06 /* Images.xcassets */,
				BB1DEADB1884A2410092BE06 /* RoutesGP.xcdatamodeld */,
				BB1DEAFC1884A61F0092BE06 /* iPhone.storyboard */,
				BB1DEAD01884A2410092BE06 /* Supporting Files */,
				BB74BE4E18C7DCD200CBF7FB /* ManagedObjects */,
				BB17786018B6BBCF006A2CF1 /* Componentes */,
				BB17783718B6A3AC006A2CF1 /* NuevaRutaViewController */,
				BB1D8A6118B2CF7500D85266 /* DetalleRutaViewController */,
				BB1D8A6518B4079200D85266 /* ListadoRutasViewController */,
				BB71F57C18AD9616009DB642 /* NuevaMotoViewController */,
				BB71F57818AD95F8009DB642 /* MotosViewController */,
				BB7CFA32188F2D41004AE006 /* EjemploGpsViewController */,
			);
			path = RoutesGP;
			sourceTree = "<group>";
		};
		BB1DEAD01884A2410092BE06 /* Supporting Files */ = {
			isa = PBXGroup;
			children = (
				BB1DEAD11884A2410092BE06 /* RoutesGP-Info.plist */,
				BB1DEAD21884A2410092BE06 /* InfoPlist.strings */,
				BB1DEAD51884A2410092BE06 /* main.m */,
				BB1DEAD71884A2410092BE06 /* RoutesGP-Prefix.pch */,
			);
			name = "Supporting Files";
			sourceTree = "<group>";
		};
		BB1DEAEC1884A2410092BE06 /* RoutesGPTests */ = {
			isa = PBXGroup;
			children = (
				BB1DEAF21884A2410092BE06 /* RoutesGPTests.m */,
				BB1DEAED1884A2410092BE06 /* Supporting Files */,
			);
			path = RoutesGPTests;
			sourceTree = "<group>";
		};
		BB1DEAED1884A2410092BE06 /* Supporting Files */ = {
			isa = PBXGroup;
			children = (
				BB1DEAEE1884A2410092BE06 /* RoutesGPTests-Info.plist */,
				BB1DEAEF1884A2410092BE06 /* InfoPlist.strings */,
			);
			name = "Supporting Files";
			sourceTree = "<group>";
		};
		BB71F57818AD95F8009DB642 /* MotosViewController */ = {
			isa = PBXGroup;
			children = (
				BB71F57518AD95F4009DB642 /* MotosViewController.h */,
				BB71F57618AD95F4009DB642 /* MotosViewController.m */,
			);
			name = MotosViewController;
			sourceTree = "<group>";
		};
		BB71F57C18AD9616009DB642 /* NuevaMotoViewController */ = {
			isa = PBXGroup;
			children = (
				BB71F57918AD960F009DB642 /* NuevaMotoViewController.h */,
				BB71F57A18AD960F009DB642 /* NuevaMotoViewController.m */,
			);
			name = NuevaMotoViewController;
			sourceTree = "<group>";
		};
		BB74BE4E18C7DCD200CBF7FB /* ManagedObjects */ = {
			isa = PBXGroup;
			children = (
				BB17785A18B6A4C0006A2CF1 /* RutaPunto */,
				BB17785318B6A48C006A2CF1 /* RutaComentario */,
				BB17785B18B6A4C8006A2CF1 /* RutaImagen */,
				BB17785418B6A496006A2CF1 /* RutaAlerta */,
				BB17785518B6A49D006A2CF1 /* Grupo */,
				BB17785718B6A4AB006A2CF1 /* MotoRegistro */,
				BB17785818B6A4B2006A2CF1 /* Moto */,
				BB17785918B6A4B7006A2CF1 /* GrupoUsuarios */,
			);
			name = ManagedObjects;
			sourceTree = "<group>";
		};
		BB7CFA32188F2D41004AE006 /* EjemploGpsViewController */ = {
			isa = PBXGroup;
			children = (
				BB7CFA2F188F2D3C004AE006 /* EjemploGpsViewController.h */,
				BB7CFA30188F2D3C004AE006 /* EjemploGpsViewController.m */,
			);
			name = EjemploGpsViewController;
			sourceTree = "<group>";
		};
		CA91DB6D18DC732A0084A637 /* iCarousel */ = {
			isa = PBXGroup;
			children = (
				CA91DB7718DC73ED0084A637 /* CarouselViewController.h */,
				CA91DB7818DC73ED0084A637 /* CarouselViewController.m */,
				CA91DB7618DC735C0084A637 /* imagenesCarousel */,
				CA91DB6A18DC73250084A637 /* iCarousel.h */,
				CA91DB6B18DC73250084A637 /* iCarousel.m */,
			);
			name = iCarousel;
			sourceTree = "<group>";
		};
		CA91DB7618DC735C0084A637 /* imagenesCarousel */ = {
			isa = PBXGroup;
			children = (
				CA91DB6E18DC73550084A637 /* menuGrupos.png */,
				CA91DB6F18DC73550084A637 /* menuMotos.png */,
				CA91DB7018DC73550084A637 /* menuRoutes.png */,
				CA91DB7118DC73550084A637 /* INICIO_LOGO.jpg */,
			);
			name = imagenesCarousel;
			sourceTree = "<group>";
		};
		CAA96FB418CA6D680001E970 /* Ruta */ = {
			isa = PBXGroup;
			children = (
				CA91DB7A18DDA5BF0084A637 /* Fondo_inicio.jpg */,
				CAEC452918CF7A5F00DB969C /* start-button.png */,
				CAEC452318CF470700DB969C /* FondoMenu.jpg */,
				CAEC452618CF7A2000DB969C /* moto.png */,
				CAEC452118CF407A00DB969C /* SOLO_MOTO.png */,
			);
			name = Ruta;
			sourceTree = "<group>";
		};
		CAA96FB818CA6D820001E970 /* InicioMotoCorre */ = {
			isa = PBXGroup;
			children = (
				CA91DB7C18DDAEF60084A637 /* MotoCorre2ViewController.h */,
				CA91DB7D18DDAEF60084A637 /* MotoCorre2ViewController.m */,
			);
			name = InicioMotoCorre;
			sourceTree = "<group>";
		};
/* End PBXGroup section */

/* Begin PBXNativeTarget section */
		BB1DEAC31884A2400092BE06 /* RoutesGP */ = {
			isa = PBXNativeTarget;
			buildConfigurationList = BB1DEAF61884A2410092BE06 /* Build configuration list for PBXNativeTarget "RoutesGP" */;
			buildPhases = (
				BB1DEAC01884A2400092BE06 /* Sources */,
				BB1DEAC11884A2400092BE06 /* Frameworks */,
				BB1DEAC21884A2400092BE06 /* Resources */,
			);
			buildRules = (
			);
			dependencies = (
			);
			name = RoutesGP;
			productName = RoutesGP;
			productReference = BB1DEAC41884A2400092BE06 /* RoutesGP.app */;
			productType = "com.apple.product-type.application";
		};
		BB1DEAE31884A2410092BE06 /* RoutesGPTests */ = {
			isa = PBXNativeTarget;
			buildConfigurationList = BB1DEAF91884A2410092BE06 /* Build configuration list for PBXNativeTarget "RoutesGPTests" */;
			buildPhases = (
				BB1DEAE01884A2410092BE06 /* Sources */,
				BB1DEAE11884A2410092BE06 /* Frameworks */,
				BB1DEAE21884A2410092BE06 /* Resources */,
			);
			buildRules = (
			);
			dependencies = (
				BB1DEAEB1884A2410092BE06 /* PBXTargetDependency */,
			);
			name = RoutesGPTests;
			productName = RoutesGPTests;
			productReference = BB1DEAE41884A2410092BE06 /* RoutesGPTests.xctest */;
			productType = "com.apple.product-type.bundle.unit-test";
		};
/* End PBXNativeTarget section */

/* Begin PBXProject section */
		BB1DEABC1884A2400092BE06 /* Project object */ = {
			isa = PBXProject;
			attributes = {
				LastUpgradeCheck = 0510;
				ORGANIZATIONNAME = RoutesGP;
				TargetAttributes = {
					BB1DEAE31884A2410092BE06 = {
						TestTargetID = BB1DEAC31884A2400092BE06;
					};
				};
			};
			buildConfigurationList = BB1DEABF1884A2400092BE06 /* Build configuration list for PBXProject "RoutesGP" */;
			compatibilityVersion = "Xcode 3.2";
			developmentRegion = English;
			hasScannedForEncodings = 0;
			knownRegions = (
				en,
			);
			mainGroup = BB1DEABB1884A2400092BE06;
			productRefGroup = BB1DEAC51884A2400092BE06 /* Products */;
			projectDirPath = "";
			projectRoot = "";
			targets = (
				BB1DEAC31884A2400092BE06 /* RoutesGP */,
				BB1DEAE31884A2410092BE06 /* RoutesGPTests */,
			);
		};
/* End PBXProject section */

/* Begin PBXResourcesBuildPhase section */
		BB1DEAC21884A2400092BE06 /* Resources */ = {
			isa = PBXResourcesBuildPhase;
			buildActionMask = 2147483647;
			files = (
				CA91DB7518DC73550084A637 /* INICIO_LOGO.jpg in Resources */,
				CA91DB7418DC73550084A637 /* menuRoutes.png in Resources */,
				CAEC452418CF470700DB969C /* FondoMenu.jpg in Resources */,
				CAEC452218CF407A00DB969C /* SOLO_MOTO.png in Resources */,
				CAEC452718CF7A2000DB969C /* moto.png in Resources */,
				CAEC452A18CF7A5F00DB969C /* start-button.png in Resources */,
				BB1DEAFD1884A61F0092BE06 /* iPhone.storyboard in Resources */,
				CA91DB7B18DDA5BF0084A637 /* Fondo_inicio.jpg in Resources */,
				BB1DEAD41884A2410092BE06 /* InfoPlist.strings in Resources */,
				CA91DB7218DC73550084A637 /* menuGrupos.png in Resources */,
				CA91DB7318DC73550084A637 /* menuMotos.png in Resources */,
				BB1DEADF1884A2410092BE06 /* Images.xcassets in Resources */,
			);
			runOnlyForDeploymentPostprocessing = 0;
		};
		BB1DEAE21884A2410092BE06 /* Resources */ = {
			isa = PBXResourcesBuildPhase;
			buildActionMask = 2147483647;
			files = (
				BB1DEAF11884A2410092BE06 /* InfoPlist.strings in Resources */,
				CAEC452518CF470700DB969C /* FondoMenu.jpg in Resources */,
				CAEC452B18CF7A5F00DB969C /* start-button.png in Resources */,
				CAEC452818CF7A2000DB969C /* moto.png in Resources */,
			);
			runOnlyForDeploymentPostprocessing = 0;
		};
/* End PBXResourcesBuildPhase section */

/* Begin PBXSourcesBuildPhase section */
		BB1DEAC01884A2400092BE06 /* Sources */ = {
			isa = PBXSourcesBuildPhase;
			buildActionMask = 2147483647;
			files = (
				BB17784318B6A481006A2CF1 /* Moto.m in Sources */,
				BB17783618B6A3A7006A2CF1 /* NuevaRutaViewController.m in Sources */,
				BB1DEADA1884A2410092BE06 /* AppDelegate.m in Sources */,
				BB1DEADD1884A2410092BE06 /* RoutesGP.xcdatamodeld in Sources */,
				BB71F57718AD95F4009DB642 /* MotosViewController.m in Sources */,
				CA91DB7918DC73ED0084A637 /* CarouselViewController.m in Sources */,
				BB1D8A6018B2CF7100D85266 /* DetalleRutaViewController.m in Sources */,
				BB71F57B18AD960F009DB642 /* NuevaMotoViewController.m in Sources */,
				BB17783A18B6A480006A2CF1 /* RutaImagen.m in Sources */,
				BB17785E18B6BBBF006A2CF1 /* ListadoRutasCell.m in Sources */,
				BB1D8A6418B4078D00D85266 /* ListadoRutasViewController.m in Sources */,
				CA91DB6C18DC73250084A637 /* iCarousel.m in Sources */,
				BB17783D18B6A481006A2CF1 /* RutaPunto.m in Sources */,
				BB7CFA31188F2D3C004AE006 /* EjemploGpsViewController.m in Sources */,
				BB17785218B6A481006A2CF1 /* RutaComentario.m in Sources */,
				BB17784F18B6A481006A2CF1 /* RutaAlerta.m in Sources */,
				CA91DB7E18DDAEF60084A637 /* MotoCorre2ViewController.m in Sources */,
				BB17784618B6A481006A2CF1 /* MotoRegistro.m in Sources */,
				BB17784018B6A481006A2CF1 /* GrupoUsuarios.m in Sources */,
				BB1DEAD61884A2410092BE06 /* main.m in Sources */,
				BB17784C18B6A481006A2CF1 /* Grupo.m in Sources */,
			);
			runOnlyForDeploymentPostprocessing = 0;
		};
		BB1DEAE01884A2410092BE06 /* Sources */ = {
			isa = PBXSourcesBuildPhase;
			buildActionMask = 2147483647;
			files = (
				BB1DEAF31884A2410092BE06 /* RoutesGPTests.m in Sources */,
			);
			runOnlyForDeploymentPostprocessing = 0;
		};
/* End PBXSourcesBuildPhase section */

/* Begin PBXTargetDependency section */
		BB1DEAEB1884A2410092BE06 /* PBXTargetDependency */ = {
			isa = PBXTargetDependency;
			target = BB1DEAC31884A2400092BE06 /* RoutesGP */;
			targetProxy = BB1DEAEA1884A2410092BE06 /* PBXContainerItemProxy */;
		};
/* End PBXTargetDependency section */

/* Begin PBXVariantGroup section */
		BB1DEAD21884A2410092BE06 /* InfoPlist.strings */ = {
			isa = PBXVariantGroup;
			children = (
				BB1DEAD31884A2410092BE06 /* en */,
			);
			name = InfoPlist.strings;
			sourceTree = "<group>";
		};
		BB1DEAEF1884A2410092BE06 /* InfoPlist.strings */ = {
			isa = PBXVariantGroup;
			children = (
				BB1DEAF01884A2410092BE06 /* en */,
			);
			name = InfoPlist.strings;
			sourceTree = "<group>";
		};
/* End PBXVariantGroup section */

/* Begin XCBuildConfiguration section */
		BB1DEAF41884A2410092BE06 /* Debug */ = {
			isa = XCBuildConfiguration;
			buildSettings = {
				ALWAYS_SEARCH_USER_PATHS = NO;
				CLANG_CXX_LANGUAGE_STANDARD = "gnu++0x";
				CLANG_CXX_LIBRARY = "libc++";
				CLANG_ENABLE_MODULES = YES;
				CLANG_ENABLE_OBJC_ARC = YES;
				CLANG_WARN_BOOL_CONVERSION = YES;
				CLANG_WARN_CONSTANT_CONVERSION = YES;
				CLANG_WARN_DIRECT_OBJC_ISA_USAGE = YES_ERROR;
				CLANG_WARN_EMPTY_BODY = YES;
				CLANG_WARN_ENUM_CONVERSION = YES;
				CLANG_WARN_INT_CONVERSION = YES;
				CLANG_WARN_OBJC_ROOT_CLASS = YES_ERROR;
				CLANG_WARN__DUPLICATE_METHOD_MATCH = YES;
				"CODE_SIGN_IDENTITY[sdk=iphoneos*]" = "iPhone Developer";
				COPY_PHASE_STRIP = NO;
				GCC_C_LANGUAGE_STANDARD = gnu99;
				GCC_DYNAMIC_NO_PIC = NO;
				GCC_OPTIMIZATION_LEVEL = 0;
				GCC_PREPROCESSOR_DEFINITIONS = (
					"DEBUG=1",
					"$(inherited)",
				);
				GCC_SYMBOLS_PRIVATE_EXTERN = NO;
				GCC_WARN_64_TO_32_BIT_CONVERSION = YES;
				GCC_WARN_ABOUT_RETURN_TYPE = YES_ERROR;
				GCC_WARN_UNDECLARED_SELECTOR = YES;
				GCC_WARN_UNINITIALIZED_AUTOS = YES;
				GCC_WARN_UNUSED_FUNCTION = YES;
				GCC_WARN_UNUSED_VARIABLE = YES;
				IPHONEOS_DEPLOYMENT_TARGET = 7.0;
				ONLY_ACTIVE_ARCH = YES;
				SDKROOT = iphoneos;
			};
			name = Debug;
		};
		BB1DEAF51884A2410092BE06 /* Release */ = {
			isa = XCBuildConfiguration;
			buildSettings = {
				ALWAYS_SEARCH_USER_PATHS = NO;
				CLANG_CXX_LANGUAGE_STANDARD = "gnu++0x";
				CLANG_CXX_LIBRARY = "libc++";
				CLANG_ENABLE_MODULES = YES;
				CLANG_ENABLE_OBJC_ARC = YES;
				CLANG_WARN_BOOL_CONVERSION = YES;
				CLANG_WARN_CONSTANT_CONVERSION = YES;
				CLANG_WARN_DIRECT_OBJC_ISA_USAGE = YES_ERROR;
				CLANG_WARN_EMPTY_BODY = YES;
				CLANG_WARN_ENUM_CONVERSION = YES;
				CLANG_WARN_INT_CONVERSION = YES;
				CLANG_WARN_OBJC_ROOT_CLASS = YES_ERROR;
				CLANG_WARN__DUPLICATE_METHOD_MATCH = YES;
				"CODE_SIGN_IDENTITY[sdk=iphoneos*]" = "iPhone Developer";
				COPY_PHASE_STRIP = YES;
				ENABLE_NS_ASSERTIONS = NO;
				GCC_C_LANGUAGE_STANDARD = gnu99;
				GCC_WARN_64_TO_32_BIT_CONVERSION = YES;
				GCC_WARN_ABOUT_RETURN_TYPE = YES_ERROR;
				GCC_WARN_UNDECLARED_SELECTOR = YES;
				GCC_WARN_UNINITIALIZED_AUTOS = YES;
				GCC_WARN_UNUSED_FUNCTION = YES;
				GCC_WARN_UNUSED_VARIABLE = YES;
				IPHONEOS_DEPLOYMENT_TARGET = 7.0;
				SDKROOT = iphoneos;
				VALIDATE_PRODUCT = YES;
			};
			name = Release;
		};
		BB1DEAF71884A2410092BE06 /* Debug */ = {
			isa = XCBuildConfiguration;
			buildSettings = {
				ASSETCATALOG_COMPILER_APPICON_NAME = AppIcon;
				ASSETCATALOG_COMPILER_LAUNCHIMAGE_NAME = LaunchImage;
				GCC_PRECOMPILE_PREFIX_HEADER = YES;
				GCC_PREFIX_HEADER = "RoutesGP/RoutesGP-Prefix.pch";
				INFOPLIST_FILE = "RoutesGP/RoutesGP-Info.plist";
				PRODUCT_NAME = "$(TARGET_NAME)";
				WRAPPER_EXTENSION = app;
			};
			name = Debug;
		};
		BB1DEAF81884A2410092BE06 /* Release */ = {
			isa = XCBuildConfiguration;
			buildSettings = {
				ASSETCATALOG_COMPILER_APPICON_NAME = AppIcon;
				ASSETCATALOG_COMPILER_LAUNCHIMAGE_NAME = LaunchImage;
				GCC_PRECOMPILE_PREFIX_HEADER = YES;
				GCC_PREFIX_HEADER = "RoutesGP/RoutesGP-Prefix.pch";
				INFOPLIST_FILE = "RoutesGP/RoutesGP-Info.plist";
				PRODUCT_NAME = "$(TARGET_NAME)";
				WRAPPER_EXTENSION = app;
			};
			name = Release;
		};
		BB1DEAFA1884A2410092BE06 /* Debug */ = {
			isa = XCBuildConfiguration;
			buildSettings = {
				BUNDLE_LOADER = "$(BUILT_PRODUCTS_DIR)/RoutesGP.app/RoutesGP";
				FRAMEWORK_SEARCH_PATHS = (
					"$(SDKROOT)/Developer/Library/Frameworks",
					"$(inherited)",
					"$(DEVELOPER_FRAMEWORKS_DIR)",
				);
				GCC_PRECOMPILE_PREFIX_HEADER = YES;
				GCC_PREFIX_HEADER = "RoutesGP/RoutesGP-Prefix.pch";
				GCC_PREPROCESSOR_DEFINITIONS = (
					"DEBUG=1",
					"$(inherited)",
				);
				INFOPLIST_FILE = "RoutesGPTests/RoutesGPTests-Info.plist";
				PRODUCT_NAME = "$(TARGET_NAME)";
				TEST_HOST = "$(BUNDLE_LOADER)";
				WRAPPER_EXTENSION = xctest;
			};
			name = Debug;
		};
		BB1DEAFB1884A2410092BE06 /* Release */ = {
			isa = XCBuildConfiguration;
			buildSettings = {
				BUNDLE_LOADER = "$(BUILT_PRODUCTS_DIR)/RoutesGP.app/RoutesGP";
				FRAMEWORK_SEARCH_PATHS = (
					"$(SDKROOT)/Developer/Library/Frameworks",
					"$(inherited)",
					"$(DEVELOPER_FRAMEWORKS_DIR)",
				);
				GCC_PRECOMPILE_PREFIX_HEADER = YES;
				GCC_PREFIX_HEADER = "RoutesGP/RoutesGP-Prefix.pch";
				INFOPLIST_FILE = "RoutesGPTests/RoutesGPTests-Info.plist";
				PRODUCT_NAME = "$(TARGET_NAME)";
				TEST_HOST = "$(BUNDLE_LOADER)";
				WRAPPER_EXTENSION = xctest;
			};
			name = Release;
		};
/* End XCBuildConfiguration section */

/* Begin XCConfigurationList section */
		BB1DEABF1884A2400092BE06 /* Build configuration list for PBXProject "RoutesGP" */ = {
			isa = XCConfigurationList;
			buildConfigurations = (
				BB1DEAF41884A2410092BE06 /* Debug */,
				BB1DEAF51884A2410092BE06 /* Release */,
			);
			defaultConfigurationIsVisible = 0;
			defaultConfigurationName = Release;
		};
		BB1DEAF61884A2410092BE06 /* Build configuration list for PBXNativeTarget "RoutesGP" */ = {
			isa = XCConfigurationList;
			buildConfigurations = (
				BB1DEAF71884A2410092BE06 /* Debug */,
				BB1DEAF81884A2410092BE06 /* Release */,
			);
			defaultConfigurationIsVisible = 0;
			defaultConfigurationName = Release;
		};
		BB1DEAF91884A2410092BE06 /* Build configuration list for PBXNativeTarget "RoutesGPTests" */ = {
			isa = XCConfigurationList;
			buildConfigurations = (
				BB1DEAFA1884A2410092BE06 /* Debug */,
				BB1DEAFB1884A2410092BE06 /* Release */,
			);
			defaultConfigurationIsVisible = 0;
			defaultConfigurationName = Release;
		};
/* End XCConfigurationList section */

/* Begin XCVersionGroup section */
		BB1DEADB1884A2410092BE06 /* RoutesGP.xcdatamodeld */ = {
			isa = XCVersionGroup;
			children = (
				BB1DEADC1884A2410092BE06 /* RoutesGP.xcdatamodel */,
			);
			currentVersion = BB1DEADC1884A2410092BE06 /* RoutesGP.xcdatamodel */;
			path = RoutesGP.xcdatamodeld;
			sourceTree = "<group>";
			versionGroupType = wrapper.xcdatamodel;
		};
/* End XCVersionGroup section */
	};
	rootObject = BB1DEABC1884A2400092BE06 /* Project object */;
}
